
Microsoft Visual Studio Solution File, Format Version 12.00
# Visual Studio Version 16
VisualStudioVersion = 16.0.30225.117
MinimumVisualStudioVersion = 10.0.40219.1
Project("{FAE04EC0-301F-11D3-BF4B-00C04F79EFBC}") = "pasotracker", "pasotracker\pasotracker.csproj", "{C7A3EC0E-7637-44C7-8D55-BCC2CF5B3582}"
EndProject
Global
	GlobalSection(SolutionConfigurationPlatforms) = preSolution
		Debug|Any CPU = Debug|Any CPU
		Release|Any CPU = Release|Any CPU
	EndGlobalSection
	GlobalSection(ProjectConfigurationPlatforms) = postSolution
		{C7A3EC0E-7637-44C7-8D55-BCC2CF5B3582}.Debug|Any CPU.ActiveCfg = Debug|Any CPU
		{C7A3EC0E-7637-44C7-8D55-BCC2CF5B3582}.Debug|Any CPU.Build.0 = Debug|Any CPU
		{C7A3EC0E-7637-44C7-8D55-BCC2CF5B3582}.Release|Any CPU.ActiveCfg = Release|Any CPU
		{C7A3EC0E-7637-44C7-8D55-BCC2CF5B3582}.Release|Any CPU.Build.0 = Release|Any CPU
	EndGlobalSection
	GlobalSection(SolutionProperties) = preSolution
		HideSolutionNode = FALSE
	EndGlobalSection
	GlobalSection(ExtensibilityGlobals) = postSolution
		SolutionGuid = {3855972E-9921-4CAF-B27C-44FC24799131}
	EndGlobalSection
EndGlobal
